
Microsoft Visual Studio Solution File, Format Version 12.00
# Visual Studio Version 17
VisualStudioVersion = 17.14.36616.10
MinimumVisualStudioVersion = 10.0.40219.1
Project("{8BC9CEB8-8B4A-11D0-8D11-00A0C91BC942}") = "HuitaEngine", "HuitaEngine.vcxproj", "{619FB01B-3054-49AD-BD29-DED9F0CDE9CE}"
EndProject
Global
	GlobalSection(SolutionConfigurationPlatforms) = preSolution
		Debug|x64 = Debug|x64
		Debug|x86 = Debug|x86
		Dima|x64 = Dima|x64
		Dima|x86 = Dima|x86
		lesha|x64 = lesha|x64
		lesha|x86 = lesha|x86
		Release|x64 = Release|x64
		Release|x86 = Release|x86
	EndGlobalSection
	GlobalSection(ProjectConfigurationPlatforms) = postSolution
		{619FB01B-3054-49AD-BD29-DED9F0CDE9CE}.Debug|x64.ActiveCfg = Debug|x64
		{619FB01B-3054-49AD-BD29-DED9F0CDE9CE}.Debug|x64.Build.0 = Debug|x64
		{619FB01B-3054-49AD-BD29-DED9F0CDE9CE}.Debug|x86.ActiveCfg = Debug|Win32
		{619FB01B-3054-49AD-BD29-DED9F0CDE9CE}.Debug|x86.Build.0 = Debug|Win32
		{619FB01B-3054-49AD-BD29-DED9F0CDE9CE}.Dima|x64.ActiveCfg = Dima|x64
		{619FB01B-3054-49AD-BD29-DED9F0CDE9CE}.Dima|x64.Build.0 = Dima|x64
		{619FB01B-3054-49AD-BD29-DED9F0CDE9CE}.Dima|x86.ActiveCfg = Dima|Win32
		{619FB01B-3054-49AD-BD29-DED9F0CDE9CE}.Dima|x86.Build.0 = Dima|Win32
		{619FB01B-3054-49AD-BD29-DED9F0CDE9CE}.lesha|x64.ActiveCfg = lesha|x64
		{619FB01B-3054-49AD-BD29-DED9F0CDE9CE}.lesha|x64.Build.0 = lesha|x64
		{619FB01B-3054-49AD-BD29-DED9F0CDE9CE}.lesha|x86.ActiveCfg = lesha|Win32
		{619FB01B-3054-49AD-BD29-DED9F0CDE9CE}.lesha|x86.Build.0 = lesha|Win32
		{619FB01B-3054-49AD-BD29-DED9F0CDE9CE}.Release|x64.ActiveCfg = Release|x64
		{619FB01B-3054-49AD-BD29-DED9F0CDE9CE}.Release|x64.Build.0 = Release|x64
		{619FB01B-3054-49AD-BD29-DED9F0CDE9CE}.Release|x86.ActiveCfg = Release|Win32
		{619FB01B-3054-49AD-BD29-DED9F0CDE9CE}.Release|x86.Build.0 = Release|Win32
	EndGlobalSection
	GlobalSection(SolutionProperties) = preSolution
		HideSolutionNode = FALSE
	EndGlobalSection
	GlobalSection(ExtensibilityGlobals) = postSolution
		SolutionGuid = {F133BE8D-FEF0-44AB-9D6E-EA4742F8481D}
	EndGlobalSection
EndGlobal
